
Microsoft Visual Studio Solution File, Format Version 12.00
# Visual Studio 2013
VisualStudioVersion = 12.0.40629.0
MinimumVisualStudioVersion = 10.0.40219.1
Project("{FAE04EC0-301F-11D3-BF4B-00C04F79EFBC}") = "Windows Forms", "HIS_Manager\Windows Forms.csproj", "{073A82C3-16B6-40F0-93DF-9227094B57DD}"
EndProject
Project("{2150E333-8FDC-42A3-9474-1A3956D46DE8}") = "Presentation", "Presentation", "{F9A6DD05-7561-4C3E-935E-3EEBE707CFD5}"
EndProject
Project("{2150E333-8FDC-42A3-9474-1A3956D46DE8}") = "Application", "Application", "{C8114C33-403A-4323-877B-344EBB410E4F}"
EndProject
Project("{2150E333-8FDC-42A3-9474-1A3956D46DE8}") = "Data", "Data", "{F95EE0B4-30F2-425F-BF82-F9A4E6D966CD}"
EndProject
Project("{2150E333-8FDC-42A3-9474-1A3956D46DE8}") = "UI", "UI", "{3D08D5E6-864C-40C6-A7EE-6FCB80809BD4}"
EndProject
Project("{2150E333-8FDC-42A3-9474-1A3956D46DE8}") = "Logic", "Logic", "{D037772D-A87F-4D63-8155-7793B73C37A3}"
EndProject
Project("{2150E333-8FDC-42A3-9474-1A3956D46DE8}") = ".nuget", ".nuget", "{35338A1A-A846-406B-AABC-AC64290DB866}"
	ProjectSection(SolutionItems) = preProject
		.nuget\NuGet.Config = .nuget\NuGet.Config
		.nuget\NuGet.exe = .nuget\NuGet.exe
		.nuget\NuGet.targets = .nuget\NuGet.targets
	EndProjectSection
EndProject
Project("{FAE04EC0-301F-11D3-BF4B-00C04F79EFBC}") = "Presenter", "Presenter\Presenter.csproj", "{3E9ED676-3E4C-4C29-BC08-D7D856D08CEA}"
EndProject
Project("{FAE04EC0-301F-11D3-BF4B-00C04F79EFBC}") = "Business Entities", "Business Entities\Business Entities.csproj", "{FDBB4EAF-7CB8-47BC-8B02-12C00DB5B560}"
EndProject
Project("{FAE04EC0-301F-11D3-BF4B-00C04F79EFBC}") = "Presentation Models", "Presentation Models\Presentation Models.csproj", "{9B2955C4-FA1A-4986-A8CA-8DFF88AC5DE6}"
EndProject
Project("{FAE04EC0-301F-11D3-BF4B-00C04F79EFBC}") = "Data Access", "Data Access\Data Access.csproj", "{8422FAF0-0C10-4168-8E9B-440D4E868C08}"
EndProject
Project("{2150E333-8FDC-42A3-9474-1A3956D46DE8}") = "Source", "Source", "{2E5B4298-D65C-4478-B342-1A57FA1DC5AD}"
EndProject
Project("{2150E333-8FDC-42A3-9474-1A3956D46DE8}") = "Test", "Test", "{4BCC13D9-76A1-482C-AE7D-F9148DB98222}"
EndProject
Project("{2150E333-8FDC-42A3-9474-1A3956D46DE8}") = "Application", "Application", "{0242F9CA-5091-492D-93EC-0CCB9F8047D1}"
EndProject
Project("{FAE04EC0-301F-11D3-BF4B-00C04F79EFBC}") = "Business Entities Test", "..\test\Application\Business Entities Test\Business Entities Test.csproj", "{81000FFB-6A2E-43CD-A7B5-D1DB9834275F}"
EndProject
Project("{FAE04EC0-301F-11D3-BF4B-00C04F79EFBC}") = "View", "Presentation\UI\View\View.csproj", "{9DB3A6E4-1287-43F2-913E-3EECF34F1B9D}"
EndProject
Project("{FAE04EC0-301F-11D3-BF4B-00C04F79EFBC}") = "Business Components", "Application\Business Components\Business Components.csproj", "{07B20CA2-4025-4032-9CAA-9C5FD771EBBF}"
EndProject
Project("{FAE04EC0-301F-11D3-BF4B-00C04F79EFBC}") = "Data Façade", "Data\Data Façade\Data Façade.csproj", "{C8D733C9-CB7E-45CC-A584-9B3E6F2B59F9}"
EndProject
Project("{FAE04EC0-301F-11D3-BF4B-00C04F79EFBC}") = "Service Façade", "Application\Service Façade\Service Façade.csproj", "{F4D44FFD-4423-4D78-9EE0-17346D2BD2E9}"
EndProject
Project("{2150E333-8FDC-42A3-9474-1A3956D46DE8}") = "Data", "Data", "{8BE5C65F-57B3-4DBA-85AB-5434212057E5}"
EndProject
Project("{2150E333-8FDC-42A3-9474-1A3956D46DE8}") = "Presentation", "Presentation", "{139509B3-F4D1-4CD3-8AD0-6EE09F134478}"
EndProject
Project("{FAE04EC0-301F-11D3-BF4B-00C04F79EFBC}") = "Business Components Test", "..\test\Application\Business Components Test\Business Components Test.csproj", "{A5B809A6-6A8F-4BD4-B377-CF7DBBDD879F}"
EndProject
Project("{FAE04EC0-301F-11D3-BF4B-00C04F79EFBC}") = "Data Access Test", "..\test\Data\Data Access Test\Data Access Test.csproj", "{5AB20082-4FC1-40D3-A57E-CD39A74EFABA}"
EndProject
Project("{2150E333-8FDC-42A3-9474-1A3956D46DE8}") = "Logic", "Logic", "{6070A65D-E4A3-41D7-9740-07C0B6DF1C12}"
EndProject
Project("{2150E333-8FDC-42A3-9474-1A3956D46DE8}") = "UI", "UI", "{FE5C559E-E562-43E6-8DC4-5D491DD7C198}"
EndProject
Project("{FAE04EC0-301F-11D3-BF4B-00C04F79EFBC}") = "Presentation Models Test", "..\test\Presentation\Presentation Models Test\Presentation Models Test.csproj", "{165D8347-99D3-41ED-B469-217A0863C0CB}"
EndProject
Project("{FAE04EC0-301F-11D3-BF4B-00C04F79EFBC}") = "Presenter Test", "..\test\Presentation\Logic\Presenter Test\Presenter Test.csproj", "{2D3BCFAB-A23F-4C25-9F4D-07D378F2BA17}"
EndProject
Global
	GlobalSection(SolutionConfigurationPlatforms) = preSolution
		Debug|Any CPU = Debug|Any CPU
		Release|Any CPU = Release|Any CPU
	EndGlobalSection
	GlobalSection(ProjectConfigurationPlatforms) = postSolution
		{073A82C3-16B6-40F0-93DF-9227094B57DD}.Debug|Any CPU.ActiveCfg = Debug|Any CPU
		{073A82C3-16B6-40F0-93DF-9227094B57DD}.Debug|Any CPU.Build.0 = Debug|Any CPU
		{073A82C3-16B6-40F0-93DF-9227094B57DD}.Release|Any CPU.ActiveCfg = Release|Any CPU
		{073A82C3-16B6-40F0-93DF-9227094B57DD}.Release|Any CPU.Build.0 = Release|Any CPU
		{3E9ED676-3E4C-4C29-BC08-D7D856D08CEA}.Debug|Any CPU.ActiveCfg = Debug|Any CPU
		{3E9ED676-3E4C-4C29-BC08-D7D856D08CEA}.Debug|Any CPU.Build.0 = Debug|Any CPU
		{3E9ED676-3E4C-4C29-BC08-D7D856D08CEA}.Release|Any CPU.ActiveCfg = Release|Any CPU
		{3E9ED676-3E4C-4C29-BC08-D7D856D08CEA}.Release|Any CPU.Build.0 = Release|Any CPU
		{FDBB4EAF-7CB8-47BC-8B02-12C00DB5B560}.Debug|Any CPU.ActiveCfg = Debug|Any CPU
		{FDBB4EAF-7CB8-47BC-8B02-12C00DB5B560}.Debug|Any CPU.Build.0 = Debug|Any CPU
		{FDBB4EAF-7CB8-47BC-8B02-12C00DB5B560}.Release|Any CPU.ActiveCfg = Release|Any CPU
		{FDBB4EAF-7CB8-47BC-8B02-12C00DB5B560}.Release|Any CPU.Build.0 = Release|Any CPU
		{9B2955C4-FA1A-4986-A8CA-8DFF88AC5DE6}.Debug|Any CPU.ActiveCfg = Debug|Any CPU
		{9B2955C4-FA1A-4986-A8CA-8DFF88AC5DE6}.Debug|Any CPU.Build.0 = Debug|Any CPU
		{9B2955C4-FA1A-4986-A8CA-8DFF88AC5DE6}.Release|Any CPU.ActiveCfg = Release|Any CPU
		{9B2955C4-FA1A-4986-A8CA-8DFF88AC5DE6}.Release|Any CPU.Build.0 = Release|Any CPU
		{8422FAF0-0C10-4168-8E9B-440D4E868C08}.Debug|Any CPU.ActiveCfg = Debug|Any CPU
		{8422FAF0-0C10-4168-8E9B-440D4E868C08}.Debug|Any CPU.Build.0 = Debug|Any CPU
		{8422FAF0-0C10-4168-8E9B-440D4E868C08}.Release|Any CPU.ActiveCfg = Release|Any CPU
		{8422FAF0-0C10-4168-8E9B-440D4E868C08}.Release|Any CPU.Build.0 = Release|Any CPU
		{81000FFB-6A2E-43CD-A7B5-D1DB9834275F}.Debug|Any CPU.ActiveCfg = Debug|Any CPU
		{81000FFB-6A2E-43CD-A7B5-D1DB9834275F}.Debug|Any CPU.Build.0 = Debug|Any CPU
		{81000FFB-6A2E-43CD-A7B5-D1DB9834275F}.Release|Any CPU.ActiveCfg = Release|Any CPU
		{81000FFB-6A2E-43CD-A7B5-D1DB9834275F}.Release|Any CPU.Build.0 = Release|Any CPU
		{9DB3A6E4-1287-43F2-913E-3EECF34F1B9D}.Debug|Any CPU.ActiveCfg = Debug|Any CPU
		{9DB3A6E4-1287-43F2-913E-3EECF34F1B9D}.Debug|Any CPU.Build.0 = Debug|Any CPU
		{9DB3A6E4-1287-43F2-913E-3EECF34F1B9D}.Release|Any CPU.ActiveCfg = Release|Any CPU
		{9DB3A6E4-1287-43F2-913E-3EECF34F1B9D}.Release|Any CPU.Build.0 = Release|Any CPU
		{07B20CA2-4025-4032-9CAA-9C5FD771EBBF}.Debug|Any CPU.ActiveCfg = Debug|Any CPU
		{07B20CA2-4025-4032-9CAA-9C5FD771EBBF}.Debug|Any CPU.Build.0 = Debug|Any CPU
		{07B20CA2-4025-4032-9CAA-9C5FD771EBBF}.Release|Any CPU.ActiveCfg = Release|Any CPU
		{07B20CA2-4025-4032-9CAA-9C5FD771EBBF}.Release|Any CPU.Build.0 = Release|Any CPU
		{C8D733C9-CB7E-45CC-A584-9B3E6F2B59F9}.Debug|Any CPU.ActiveCfg = Debug|Any CPU
		{C8D733C9-CB7E-45CC-A584-9B3E6F2B59F9}.Debug|Any CPU.Build.0 = Debug|Any CPU
		{C8D733C9-CB7E-45CC-A584-9B3E6F2B59F9}.Release|Any CPU.ActiveCfg = Release|Any CPU
		{C8D733C9-CB7E-45CC-A584-9B3E6F2B59F9}.Release|Any CPU.Build.0 = Release|Any CPU
		{F4D44FFD-4423-4D78-9EE0-17346D2BD2E9}.Debug|Any CPU.ActiveCfg = Debug|Any CPU
		{F4D44FFD-4423-4D78-9EE0-17346D2BD2E9}.Debug|Any CPU.Build.0 = Debug|Any CPU
		{F4D44FFD-4423-4D78-9EE0-17346D2BD2E9}.Release|Any CPU.ActiveCfg = Release|Any CPU
		{F4D44FFD-4423-4D78-9EE0-17346D2BD2E9}.Release|Any CPU.Build.0 = Release|Any CPU
		{A5B809A6-6A8F-4BD4-B377-CF7DBBDD879F}.Debug|Any CPU.ActiveCfg = Debug|Any CPU
		{A5B809A6-6A8F-4BD4-B377-CF7DBBDD879F}.Debug|Any CPU.Build.0 = Debug|Any CPU
		{A5B809A6-6A8F-4BD4-B377-CF7DBBDD879F}.Release|Any CPU.ActiveCfg = Release|Any CPU
		{A5B809A6-6A8F-4BD4-B377-CF7DBBDD879F}.Release|Any CPU.Build.0 = Release|Any CPU
		{5AB20082-4FC1-40D3-A57E-CD39A74EFABA}.Debug|Any CPU.ActiveCfg = Debug|Any CPU
		{5AB20082-4FC1-40D3-A57E-CD39A74EFABA}.Debug|Any CPU.Build.0 = Debug|Any CPU
		{5AB20082-4FC1-40D3-A57E-CD39A74EFABA}.Release|Any CPU.ActiveCfg = Release|Any CPU
		{5AB20082-4FC1-40D3-A57E-CD39A74EFABA}.Release|Any CPU.Build.0 = Release|Any CPU
		{165D8347-99D3-41ED-B469-217A0863C0CB}.Debug|Any CPU.ActiveCfg = Debug|Any CPU
		{165D8347-99D3-41ED-B469-217A0863C0CB}.Debug|Any CPU.Build.0 = Debug|Any CPU
		{165D8347-99D3-41ED-B469-217A0863C0CB}.Release|Any CPU.ActiveCfg = Release|Any CPU
		{165D8347-99D3-41ED-B469-217A0863C0CB}.Release|Any CPU.Build.0 = Release|Any CPU
		{2D3BCFAB-A23F-4C25-9F4D-07D378F2BA17}.Debug|Any CPU.ActiveCfg = Debug|Any CPU
		{2D3BCFAB-A23F-4C25-9F4D-07D378F2BA17}.Debug|Any CPU.Build.0 = Debug|Any CPU
		{2D3BCFAB-A23F-4C25-9F4D-07D378F2BA17}.Release|Any CPU.ActiveCfg = Release|Any CPU
		{2D3BCFAB-A23F-4C25-9F4D-07D378F2BA17}.Release|Any CPU.Build.0 = Release|Any CPU
	EndGlobalSection
	GlobalSection(SolutionProperties) = preSolution
		HideSolutionNode = FALSE
	EndGlobalSection
	GlobalSection(NestedProjects) = preSolution
		{073A82C3-16B6-40F0-93DF-9227094B57DD} = {3D08D5E6-864C-40C6-A7EE-6FCB80809BD4}
		{F9A6DD05-7561-4C3E-935E-3EEBE707CFD5} = {2E5B4298-D65C-4478-B342-1A57FA1DC5AD}
		{C8114C33-403A-4323-877B-344EBB410E4F} = {2E5B4298-D65C-4478-B342-1A57FA1DC5AD}
		{F95EE0B4-30F2-425F-BF82-F9A4E6D966CD} = {2E5B4298-D65C-4478-B342-1A57FA1DC5AD}
		{3D08D5E6-864C-40C6-A7EE-6FCB80809BD4} = {F9A6DD05-7561-4C3E-935E-3EEBE707CFD5}
		{D037772D-A87F-4D63-8155-7793B73C37A3} = {F9A6DD05-7561-4C3E-935E-3EEBE707CFD5}
		{3E9ED676-3E4C-4C29-BC08-D7D856D08CEA} = {D037772D-A87F-4D63-8155-7793B73C37A3}
		{FDBB4EAF-7CB8-47BC-8B02-12C00DB5B560} = {C8114C33-403A-4323-877B-344EBB410E4F}
		{9B2955C4-FA1A-4986-A8CA-8DFF88AC5DE6} = {F9A6DD05-7561-4C3E-935E-3EEBE707CFD5}
		{8422FAF0-0C10-4168-8E9B-440D4E868C08} = {F95EE0B4-30F2-425F-BF82-F9A4E6D966CD}
		{0242F9CA-5091-492D-93EC-0CCB9F8047D1} = {4BCC13D9-76A1-482C-AE7D-F9148DB98222}
		{81000FFB-6A2E-43CD-A7B5-D1DB9834275F} = {0242F9CA-5091-492D-93EC-0CCB9F8047D1}
		{9DB3A6E4-1287-43F2-913E-3EECF34F1B9D} = {3D08D5E6-864C-40C6-A7EE-6FCB80809BD4}
		{07B20CA2-4025-4032-9CAA-9C5FD771EBBF} = {C8114C33-403A-4323-877B-344EBB410E4F}
		{C8D733C9-CB7E-45CC-A584-9B3E6F2B59F9} = {F95EE0B4-30F2-425F-BF82-F9A4E6D966CD}
		{F4D44FFD-4423-4D78-9EE0-17346D2BD2E9} = {C8114C33-403A-4323-877B-344EBB410E4F}
		{8BE5C65F-57B3-4DBA-85AB-5434212057E5} = {4BCC13D9-76A1-482C-AE7D-F9148DB98222}
		{139509B3-F4D1-4CD3-8AD0-6EE09F134478} = {4BCC13D9-76A1-482C-AE7D-F9148DB98222}
		{A5B809A6-6A8F-4BD4-B377-CF7DBBDD879F} = {0242F9CA-5091-492D-93EC-0CCB9F8047D1}
		{5AB20082-4FC1-40D3-A57E-CD39A74EFABA} = {8BE5C65F-57B3-4DBA-85AB-5434212057E5}
		{6070A65D-E4A3-41D7-9740-07C0B6DF1C12} = {139509B3-F4D1-4CD3-8AD0-6EE09F134478}
		{FE5C559E-E562-43E6-8DC4-5D491DD7C198} = {139509B3-F4D1-4CD3-8AD0-6EE09F134478}
		{165D8347-99D3-41ED-B469-217A0863C0CB} = {139509B3-F4D1-4CD3-8AD0-6EE09F134478}
		{2D3BCFAB-A23F-4C25-9F4D-07D378F2BA17} = {6070A65D-E4A3-41D7-9740-07C0B6DF1C12}
	EndGlobalSection
EndGlobal
